
Microsoft Visual Studio Solution File, Format Version 12.00
# Visual Studio Version 17
VisualStudioVersion = 17.5.33414.496
MinimumVisualStudioVersion = 10.0.40219.1
Project("{FAE04EC0-301F-11D3-BF4B-00C04F79EFBC}") = "Bai06", "Bai06.csproj", "{24F68160-1077-4818-B756-DC53DFF04E6D}"
EndProject
Global
	GlobalSection(SolutionConfigurationPlatforms) = preSolution
		Debug|Any CPU = Debug|Any CPU
		Release|Any CPU = Release|Any CPU
	EndGlobalSection
	GlobalSection(ProjectConfigurationPlatforms) = postSolution
		{24F68160-1077-4818-B756-DC53DFF04E6D}.Debug|Any CPU.ActiveCfg = Debug|Any CPU
		{24F68160-1077-4818-B756-DC53DFF04E6D}.Debug|Any CPU.Build.0 = Debug|Any CPU
		{24F68160-1077-4818-B756-DC53DFF04E6D}.Release|Any CPU.ActiveCfg = Release|Any CPU
		{24F68160-1077-4818-B756-DC53DFF04E6D}.Release|Any CPU.Build.0 = Release|Any CPU
	EndGlobalSection
	GlobalSection(SolutionProperties) = preSolution
		HideSolutionNode = FALSE
	EndGlobalSection
	GlobalSection(ExtensibilityGlobals) = postSolution
		SolutionGuid = {C7590CB5-EB7E-4493-87BC-90A6488F83D3}
	EndGlobalSection
EndGlobal
