
Microsoft Visual Studio Solution File, Format Version 12.00
# Visual Studio Version 17
VisualStudioVersion = 17.14.36511.14 d17.14
MinimumVisualStudioVersion = 10.0.40219.1
Project("{FAE04EC0-301F-11D3-BF4B-00C04F79EFBC}") = "Bai3", "Bai3.csproj", "{3261301B-387B-4428-A258-444F1919E42A}"
EndProject
Global
	GlobalSection(SolutionConfigurationPlatforms) = preSolution
		Debug|Any CPU = Debug|Any CPU
		Release|Any CPU = Release|Any CPU
	EndGlobalSection
	GlobalSection(ProjectConfigurationPlatforms) = postSolution
		{3261301B-387B-4428-A258-444F1919E42A}.Debug|Any CPU.ActiveCfg = Debug|Any CPU
		{3261301B-387B-4428-A258-444F1919E42A}.Debug|Any CPU.Build.0 = Debug|Any CPU
		{3261301B-387B-4428-A258-444F1919E42A}.Release|Any CPU.ActiveCfg = Release|Any CPU
		{3261301B-387B-4428-A258-444F1919E42A}.Release|Any CPU.Build.0 = Release|Any CPU
	EndGlobalSection
	GlobalSection(SolutionProperties) = preSolution
		HideSolutionNode = FALSE
	EndGlobalSection
	GlobalSection(ExtensibilityGlobals) = postSolution
		SolutionGuid = {D10B7457-4BB8-4FBE-8F9C-5843F681A703}
	EndGlobalSection
EndGlobal
